
Microsoft Visual Studio Solution File, Format Version 12.00
# Visual Studio Version 16
VisualStudioVersion = 16.0.28803.352
MinimumVisualStudioVersion = 10.0.40219.1
Project("{FAE04EC0-301F-11D3-BF4B-00C04F79EFBC}") = "SOLID_Web", "SOLID_Web\SOLID_Web.csproj", "{A35C30B4-F86E-44C8-BEAE-0C20F5126E89}"
EndProject
Global
	GlobalSection(SolutionConfigurationPlatforms) = preSolution
		Debug|Any CPU = Debug|Any CPU
		Release|Any CPU = Release|Any CPU
	EndGlobalSection
	GlobalSection(ProjectConfigurationPlatforms) = postSolution
		{A35C30B4-F86E-44C8-BEAE-0C20F5126E89}.Debug|Any CPU.ActiveCfg = Debug|Any CPU
		{A35C30B4-F86E-44C8-BEAE-0C20F5126E89}.Debug|Any CPU.Build.0 = Debug|Any CPU
		{A35C30B4-F86E-44C8-BEAE-0C20F5126E89}.Release|Any CPU.ActiveCfg = Release|Any CPU
		{A35C30B4-F86E-44C8-BEAE-0C20F5126E89}.Release|Any CPU.Build.0 = Release|Any CPU
	EndGlobalSection
	GlobalSection(SolutionProperties) = preSolution
		HideSolutionNode = FALSE
	EndGlobalSection
	GlobalSection(ExtensibilityGlobals) = postSolution
		SolutionGuid = {EFF41629-AAD9-4812-A1CF-933A0A06F2BB}
	EndGlobalSection
EndGlobal
